
Microsoft Visual Studio Solution File, Format Version 12.00
# Visual Studio 14
VisualStudioVersion = 14.0.24720.0
MinimumVisualStudioVersion = 10.0.40219.1
Project("{FAE04EC0-301F-11D3-BF4B-00C04F79EFBC}") = "WebOA.UI", "WebOA.UI\WebOA.UI.csproj", "{C6F52966-B0AB-44D8-98AF-615D75EB4B31}"
EndProject
Project("{FAE04EC0-301F-11D3-BF4B-00C04F79EFBC}") = "WebOA.Model", "WebOA.Model\WebOA.Model.csproj", "{C5225AD8-6263-4EF0-A115-CBA3953260E0}"
EndProject
Project("{FAE04EC0-301F-11D3-BF4B-00C04F79EFBC}") = "WebOA.Common", "WebOA.Common\WebOA.Common.csproj", "{0455C504-7827-491D-A11A-24943E3D713A}"
EndProject
Project("{FAE04EC0-301F-11D3-BF4B-00C04F79EFBC}") = "WebOA.DAL", "WebOA.DAL\WebOA.DAL.csproj", "{AEF9AB37-D9FE-47DC-B39C-91DC62FFECEC}"
EndProject
Project("{FAE04EC0-301F-11D3-BF4B-00C04F79EFBC}") = "WebOA.Service", "WebOA.Service\WebOA.Service.csproj", "{4EA56B97-7DAD-484E-AAF6-29D020D16963}"
EndProject
Project("{FAE04EC0-301F-11D3-BF4B-00C04F79EFBC}") = "WebOA.IDAL", "WebOA.IDAL\WebOA.IDAL.csproj", "{09FB2B91-80C9-4CCD-B982-A923465EB404}"
EndProject
Project("{2150E333-8FDC-42A3-9474-1A3956D46DE8}") = "DAL", "DAL", "{56DA2570-C612-4930-B556-D1568E802118}"
EndProject
Project("{FAE04EC0-301F-11D3-BF4B-00C04F79EFBC}") = "WebOA.DalFactory", "WebOAFactory\WebOA.DalFactory.csproj", "{4D1DF633-1322-4083-BE01-0A99DAC4505C}"
EndProject
Project("{2150E333-8FDC-42A3-9474-1A3956D46DE8}") = "Service", "Service", "{1CAE5F6E-74B6-424A-827F-57EA32723418}"
EndProject
Project("{FAE04EC0-301F-11D3-BF4B-00C04F79EFBC}") = "WebOA.IService", "WebOA.IService\WebOA.IService.csproj", "{06CF5237-1AA5-4C58-B051-24EF22253209}"
EndProject
Global
	GlobalSection(SolutionConfigurationPlatforms) = preSolution
		Debug|Any CPU = Debug|Any CPU
		Release|Any CPU = Release|Any CPU
	EndGlobalSection
	GlobalSection(ProjectConfigurationPlatforms) = postSolution
		{C6F52966-B0AB-44D8-98AF-615D75EB4B31}.Debug|Any CPU.ActiveCfg = Debug|Any CPU
		{C6F52966-B0AB-44D8-98AF-615D75EB4B31}.Debug|Any CPU.Build.0 = Debug|Any CPU
		{C6F52966-B0AB-44D8-98AF-615D75EB4B31}.Release|Any CPU.ActiveCfg = Release|Any CPU
		{C6F52966-B0AB-44D8-98AF-615D75EB4B31}.Release|Any CPU.Build.0 = Release|Any CPU
		{C5225AD8-6263-4EF0-A115-CBA3953260E0}.Debug|Any CPU.ActiveCfg = Debug|Any CPU
		{C5225AD8-6263-4EF0-A115-CBA3953260E0}.Debug|Any CPU.Build.0 = Debug|Any CPU
		{C5225AD8-6263-4EF0-A115-CBA3953260E0}.Release|Any CPU.ActiveCfg = Release|Any CPU
		{C5225AD8-6263-4EF0-A115-CBA3953260E0}.Release|Any CPU.Build.0 = Release|Any CPU
		{0455C504-7827-491D-A11A-24943E3D713A}.Debug|Any CPU.ActiveCfg = Debug|Any CPU
		{0455C504-7827-491D-A11A-24943E3D713A}.Debug|Any CPU.Build.0 = Debug|Any CPU
		{0455C504-7827-491D-A11A-24943E3D713A}.Release|Any CPU.ActiveCfg = Release|Any CPU
		{0455C504-7827-491D-A11A-24943E3D713A}.Release|Any CPU.Build.0 = Release|Any CPU
		{AEF9AB37-D9FE-47DC-B39C-91DC62FFECEC}.Debug|Any CPU.ActiveCfg = Debug|Any CPU
		{AEF9AB37-D9FE-47DC-B39C-91DC62FFECEC}.Debug|Any CPU.Build.0 = Debug|Any CPU
		{AEF9AB37-D9FE-47DC-B39C-91DC62FFECEC}.Release|Any CPU.ActiveCfg = Release|Any CPU
		{AEF9AB37-D9FE-47DC-B39C-91DC62FFECEC}.Release|Any CPU.Build.0 = Release|Any CPU
		{4EA56B97-7DAD-484E-AAF6-29D020D16963}.Debug|Any CPU.ActiveCfg = Debug|Any CPU
		{4EA56B97-7DAD-484E-AAF6-29D020D16963}.Debug|Any CPU.Build.0 = Debug|Any CPU
		{4EA56B97-7DAD-484E-AAF6-29D020D16963}.Release|Any CPU.ActiveCfg = Release|Any CPU
		{4EA56B97-7DAD-484E-AAF6-29D020D16963}.Release|Any CPU.Build.0 = Release|Any CPU
		{09FB2B91-80C9-4CCD-B982-A923465EB404}.Debug|Any CPU.ActiveCfg = Debug|Any CPU
		{09FB2B91-80C9-4CCD-B982-A923465EB404}.Debug|Any CPU.Build.0 = Debug|Any CPU
		{09FB2B91-80C9-4CCD-B982-A923465EB404}.Release|Any CPU.ActiveCfg = Release|Any CPU
		{09FB2B91-80C9-4CCD-B982-A923465EB404}.Release|Any CPU.Build.0 = Release|Any CPU
		{4D1DF633-1322-4083-BE01-0A99DAC4505C}.Debug|Any CPU.ActiveCfg = Debug|Any CPU
		{4D1DF633-1322-4083-BE01-0A99DAC4505C}.Debug|Any CPU.Build.0 = Debug|Any CPU
		{4D1DF633-1322-4083-BE01-0A99DAC4505C}.Release|Any CPU.ActiveCfg = Release|Any CPU
		{4D1DF633-1322-4083-BE01-0A99DAC4505C}.Release|Any CPU.Build.0 = Release|Any CPU
		{06CF5237-1AA5-4C58-B051-24EF22253209}.Debug|Any CPU.ActiveCfg = Debug|Any CPU
		{06CF5237-1AA5-4C58-B051-24EF22253209}.Debug|Any CPU.Build.0 = Debug|Any CPU
		{06CF5237-1AA5-4C58-B051-24EF22253209}.Release|Any CPU.ActiveCfg = Release|Any CPU
		{06CF5237-1AA5-4C58-B051-24EF22253209}.Release|Any CPU.Build.0 = Release|Any CPU
	EndGlobalSection
	GlobalSection(SolutionProperties) = preSolution
		HideSolutionNode = FALSE
	EndGlobalSection
	GlobalSection(NestedProjects) = preSolution
		{AEF9AB37-D9FE-47DC-B39C-91DC62FFECEC} = {56DA2570-C612-4930-B556-D1568E802118}
		{4EA56B97-7DAD-484E-AAF6-29D020D16963} = {1CAE5F6E-74B6-424A-827F-57EA32723418}
		{09FB2B91-80C9-4CCD-B982-A923465EB404} = {56DA2570-C612-4930-B556-D1568E802118}
		{4D1DF633-1322-4083-BE01-0A99DAC4505C} = {56DA2570-C612-4930-B556-D1568E802118}
		{06CF5237-1AA5-4C58-B051-24EF22253209} = {1CAE5F6E-74B6-424A-827F-57EA32723418}
	EndGlobalSection
EndGlobal
